# This file is autogenerated, do not edit; changes may be undone by the next 'dep ensure'.


[[projects]]
  branch = "master"
  name = "github.com/badoux/checkmail"
  packages = ["."]
  revision = "0755fe2dc241caebab64327c352006712f6a55c4"

[[projects]]
  branch = "master"
  name = "github.com/mitchellh/go-homedir"
  packages = ["."]
  revision = "3864e76763d94a6df2f9960b16a20a33da9f9a66"

[[projects]]
  branch = "master"
  name = "github.com/skratchdot/open-golang"
  packages = ["open"]
  revision = "75fb7ed4208cf72d323d7d02fd1a5964a7a9073c"

[[projects]]
  branch = "master"
  name = "github.com/yookoala/realpath"
  packages = ["."]
  revision = "d19ef9c409d9817c1e685775e53d361b03eabbc8"

[[projects]]
  branch = "master"
  name = "golang.org/x/crypto"
  packages = ["ssh/terminal"]
  revision = "a49355c7e3f8fe157a85be2f77e6e269a0f89602"

[[projects]]
  branch = "master"
  name = "golang.org/x/sys"
  packages = [
    "unix",
    "windows"
  ]
  revision = "63fc586f45fe72d95d5240a5d5eb95e6503907d3"

[solve-meta]
  analyzer-name = "dep"
  analyzer-version = 1
  inputs-digest = "c1c58f5eba38edec0bcb206d62a826d8db593fa34b6ecc3508916dbfab2e0e59"
  solver-name = "gps-cdcl"
  solver-version = 1
