{
  "requires": true,
  "lockfileVersion": 1,
  "dependencies": {
    "licensezero-jurisdictions": {
      "version": "1.0.1",
      "resolved": "https://registry.npmjs.org/licensezero-jurisdictions/-/licensezero-jurisdictions-1.0.1.tgz",
      "integrity": "sha512-WJ8l9/tZFyfD6LI9wzddd6bkrS6K1dnLotfEf/dP+Q633Bx/dVqLGNb5ExDv/qE6Tml/VUKIg47K9AtMFuzMnQ==",
      "dev": true
    }
  }
}
